// !$*UTF8*$!
{
	archiveVersion = 1;
	classes = {
	};
	objectVersion = 48;
	objects = {

/* Begin PBXBuildFile section */
		7656FFC7221F26DD005F1BFA /* AppDelegate.swift in Sources */ = {isa = PBXBuildFile; fileRef = 7656FFC6221F26DD005F1BFA /* AppDelegate.swift */; };
		7656FFC9221F26DD005F1BFA /* ViewController.swift in Sources */ = {isa = PBXBuildFile; fileRef = 7656FFC8221F26DD005F1BFA /* ViewController.swift */; };
		7656FFCC221F26DD005F1BFA /* Main.storyboard in Resources */ = {isa = PBXBuildFile; fileRef = 7656FFCA221F26DD005F1BFA /* Main.storyboard */; };
		7656FFCE221F26DD005F1BFA /* Assets.xcassets in Resources */ = {isa = PBXBuildFile; fileRef = 7656FFCD221F26DD005F1BFA /* Assets.xcassets */; };
		7656FFD1221F26DD005F1BFA /* LaunchScreen.storyboard in Resources */ = {isa = PBXBuildFile; fileRef = 7656FFCF221F26DD005F1BFA /* LaunchScreen.storyboard */; };
		7656FFDC221F26DD005F1BFA /* HelloWorldTests.swift in Sources */ = {isa = PBXBuildFile; fileRef = 7656FFDB221F26DD005F1BFA /* HelloWorldTests.swift */; };
		7656FFE7221F26DD005F1BFA /* HelloWorldUITests.swift in Sources */ = {isa = PBXBuildFile; fileRef = 7656FFE6221F26DD005F1BFA /* HelloWorldUITests.swift */; };
/* End PBXBuildFile section */

/* Begin PBXContainerItemProxy section */
		7656FFD8221F26DD005F1BFA /* PBXContainerItemProxy */ = {
			isa = PBXContainerItemProxy;
			containerPortal = 7656FFBB221F26DD005F1BFA /* Project object */;
			proxyType = 1;
			remoteGlobalIDString = 7656FFC2221F26DD005F1BFA;
			remoteInfo = HelloWorld;
		};
		7656FFE3221F26DD005F1BFA /* PBXContainerItemProxy */ = {
			isa = PBXContainerItemProxy;
			containerPortal = 7656FFBB221F26DD005F1BFA /* Project object */;
			proxyType = 1;
			remoteGlobalIDString = 7656FFC2221F26DD005F1BFA;
			remoteInfo = HelloWorld;
		};
/* End PBXContainerItemProxy section */

/* Begin PBXFileReference section */
		7656FFC3221F26DD005F1BFA /* HelloWorld.app */ = {isa = PBXFileReference; explicitFileType = wrapper.application; includeInIndex = 0; path = HelloWorld.app; sourceTree = BUILT_PRODUCTS_DIR; };
		7656FFC6221F26DD005F1BFA /* AppDelegate.swift */ = {isa = PBXFileReference; lastKnownFileType = sourcecode.swift; path = AppDelegate.swift; sourceTree = "<group>"; };
		7656FFC8221F26DD005F1BFA /* ViewController.swift */ = {isa = PBXFileReference; lastKnownFileType = sourcecode.swift; path = ViewController.swift; sourceTree = "<group>"; };
		7656FFCB221F26DD005F1BFA /* Base */ = {isa = PBXFileReference; lastKnownFileType = file.storyboard; name = Base; path = Base.lproj/Main.storyboard; sourceTree = "<group>"; };
		7656FFCD221F26DD005F1BFA /* Assets.xcassets */ = {isa = PBXFileReference; lastKnownFileType = folder.assetcatalog; path = Assets.xcassets; sourceTree = "<group>"; };
		7656FFD0221F26DD005F1BFA /* Base */ = {isa = PBXFileReference; lastKnownFileType = file.storyboard; name = Base; path = Base.lproj/LaunchScreen.storyboard; sourceTree = "<group>"; };
		7656FFD2221F26DD005F1BFA /* Info.plist */ = {isa = PBXFileReference; lastKnownFileType = text.plist.xml; path = Info.plist; sourceTree = "<group>"; };
		7656FFD7221F26DD005F1BFA /* HelloWorldTests.xctest */ = {isa = PBXFileReference; explicitFileType = wrapper.cfbundle; includeInIndex = 0; path = HelloWorldTests.xctest; sourceTree = BUILT_PRODUCTS_DIR; };
		7656FFDB221F26DD005F1BFA /* HelloWorldTests.swift */ = {isa = PBXFileReference; lastKnownFileType = sourcecode.swift; path = HelloWorldTests.swift; sourceTree = "<group>"; };
		7656FFDD221F26DD005F1BFA /* Info.plist */ = {isa = PBXFileReference; lastKnownFileType = text.plist.xml; path = Info.plist; sourceTree = "<group>"; };
		7656FFE2221F26DD005F1BFA /* HelloWorldUITests.xctest */ = {isa = PBXFileReference; explicitFileType = wrapper.cfbundle; includeInIndex = 0; path = HelloWorldUITests.xctest; sourceTree = BUILT_PRODUCTS_DIR; };
		7656FFE6221F26DD005F1BFA /* HelloWorldUITests.swift */ = {isa = PBXFileReference; lastKnownFileType = sourcecode.swift; path = HelloWorldUITests.swift; sourceTree = "<group>"; };
		7656FFE8221F26DD005F1BFA /* Info.plist */ = {isa = PBXFileReference; lastKnownFileType = text.plist.xml; path = Info.plist; sourceTree = "<group>"; };
/* End PBXFileReference section */

/* Begin PBXFrameworksBuildPhase section */
		7656FFC0221F26DD005F1BFA /* Frameworks */ = {
			isa = PBXFrameworksBuildPhase;
			buildActionMask = 2147483647;
			files = (
			);
			runOnlyForDeploymentPostprocessing = 0;
		};
		7656FFD4221F26DD005F1BFA /* Frameworks */ = {
			isa = PBXFrameworksBuildPhase;
			buildActionMask = 2147483647;
			files = (
			);
			runOnlyForDeploymentPostprocessing = 0;
		};
		7656FFDF221F26DD005F1BFA /* Frameworks */ = {
			isa = PBXFrameworksBuildPhase;
			buildActionMask = 2147483647;
			files = (
			);
			runOnlyForDeploymentPostprocessing = 0;
		};
/* End PBXFrameworksBuildPhase section */

/* Begin PBXGroup section */
		7656FFBA221F26DD005F1BFA = {
			isa = PBXGroup;
			children = (
				7656FFC5221F26DD005F1BFA /* HelloWorld */,
				7656FFDA221F26DD005F1BFA /* HelloWorldTests */,
				7656FFE5221F26DD005F1BFA /* HelloWorldUITests */,
				7656FFC4221F26DD005F1BFA /* Products */,
			);
			sourceTree = "<group>";
		};
		7656FFC4221F26DD005F1BFA /* Products */ = {
			isa = PBXGroup;
			children = (
				7656FFC3221F26DD005F1BFA /* HelloWorld.app */,
				7656FFD7221F26DD005F1BFA /* HelloWorldTests.xctest */,
				7656FFE2221F26DD005F1BFA /* HelloWorldUITests.xctest */,
			);
			name = Products;
			sourceTree = "<group>";
		};
		7656FFC5221F26DD005F1BFA /* HelloWorld */ = {
			isa = PBXGroup;
			children = (
				7656FFC6221F26DD005F1BFA /* AppDelegate.swift */,
				7656FFC8221F26DD005F1BFA /* ViewController.swift */,
				7656FFCA221F26DD005F1BFA /* Main.storyboard */,
				7656FFCD221F26DD005F1BFA /* Assets.xcassets */,
				7656FFCF221F26DD005F1BFA /* LaunchScreen.storyboard */,
				7656FFD2221F26DD005F1BFA /* Info.plist */,
			);
			path = HelloWorld;
			sourceTree = "<group>";
		};
		7656FFDA221F26DD005F1BFA /* HelloWorldTests */ = {
			isa = PBXGroup;
			children = (
				7656FFDB221F26DD005F1BFA /* HelloWorldTests.swift */,
				7656FFDD221F26DD005F1BFA /* Info.plist */,
			);
			path = HelloWorldTests;
			sourceTree = "<group>";
		};
		7656FFE5221F26DD005F1BFA /* HelloWorldUITests */ = {
			isa = PBXGroup;
			children = (
				7656FFE6221F26DD005F1BFA /* HelloWorldUITests.swift */,
				7656FFE8221F26DD005F1BFA /* Info.plist */,
			);
			path = HelloWorldUITests;
			sourceTree = "<group>";
		};
/* End PBXGroup section */

/* Begin PBXNativeTarget section */
		7656FFC2221F26DD005F1BFA /* HelloWorld */ = {
			isa = PBXNativeTarget;
			buildConfigurationList = 7656FFEB221F26DD005F1BFA /* Build configuration list for PBXNativeTarget "HelloWorld" */;
			buildPhases = (
				7656FFBF221F26DD005F1BFA /* Sources */,
				7656FFC0221F26DD005F1BFA /* Frameworks */,
				7656FFC1221F26DD005F1BFA /* Resources */,
			);
			buildRules = (
			);
			dependencies = (
			);
			name = HelloWorld;
			productName = HelloWorld;
			productReference = 7656FFC3221F26DD005F1BFA /* HelloWorld.app */;
			productType = "com.apple.product-type.application";
		};
		7656FFD6221F26DD005F1BFA /* HelloWorldTests */ = {
			isa = PBXNativeTarget;
			buildConfigurationList = 7656FFEE221F26DD005F1BFA /* Build configuration list for PBXNativeTarget "HelloWorldTests" */;
			buildPhases = (
				7656FFD3221F26DD005F1BFA /* Sources */,
				7656FFD4221F26DD005F1BFA /* Frameworks */,
				7656FFD5221F26DD005F1BFA /* Resources */,
			);
			buildRules = (
			);
			dependencies = (
				7656FFD9221F26DD005F1BFA /* PBXTargetDependency */,
			);
			name = HelloWorldTests;
			productName = HelloWorldTests;
			productReference = 7656FFD7221F26DD005F1BFA /* HelloWorldTests.xctest */;
			productType = "com.apple.product-type.bundle.unit-test";
		};
		7656FFE1221F26DD005F1BFA /* HelloWorldUITests */ = {
			isa = PBXNativeTarget;
			buildConfigurationList = 7656FFF1221F26DD005F1BFA /* Build configuration list for PBXNativeTarget "HelloWorldUITests" */;
			buildPhases = (
				7656FFDE221F26DD005F1BFA /* Sources */,
				7656FFDF221F26DD005F1BFA /* Frameworks */,
				7656FFE0221F26DD005F1BFA /* Resources */,
			);
			buildRules = (
			);
			dependencies = (
				7656FFE4221F26DD005F1BFA /* PBXTargetDependency */,
			);
			name = HelloWorldUITests;
			productName = HelloWorldUITests;
			productReference = 7656FFE2221F26DD005F1BFA /* HelloWorldUITests.xctest */;
			productType = "com.apple.product-type.bundle.ui-testing";
		};
/* End PBXNativeTarget section */

/* Begin PBXProject section */
		7656FFBB221F26DD005F1BFA /* Project object */ = {
			isa = PBXProject;
			attributes = {
				LastSwiftUpdateCheck = 0900;
				LastUpgradeCheck = 0900;
				ORGANIZATIONNAME = Wiktoria;
				TargetAttributes = {
					7656FFC2221F26DD005F1BFA = {
						CreatedOnToolsVersion = 9.0;
						ProvisioningStyle = Automatic;
					};
					7656FFD6221F26DD005F1BFA = {
						CreatedOnToolsVersion = 9.0;
						ProvisioningStyle = Automatic;
						TestTargetID = 7656FFC2221F26DD005F1BFA;
					};
					7656FFE1221F26DD005F1BFA = {
						CreatedOnToolsVersion = 9.0;
						ProvisioningStyle = Automatic;
						TestTargetID = 7656FFC2221F26DD005F1BFA;
					};
				};
			};
			buildConfigurationList = 7656FFBE221F26DD005F1BFA /* Build configuration list for PBXProject "HelloWorld" */;
			compatibilityVersion = "Xcode 8.0";
			developmentRegion = en;
			hasScannedForEncodings = 0;
			knownRegions = (
				en,
				Base,
			);
			mainGroup = 7656FFBA221F26DD005F1BFA;
			productRefGroup = 7656FFC4221F26DD005F1BFA /* Products */;
			projectDirPath = "";
			projectRoot = "";
			targets = (
				7656FFC2221F26DD005F1BFA /* HelloWorld */,
				7656FFD6221F26DD005F1BFA /* HelloWorldTests */,
				7656FFE1221F26DD005F1BFA /* HelloWorldUITests */,
			);
		};
/* End PBXProject section */

/* Begin PBXResourcesBuildPhase section */
		7656FFC1221F26DD005F1BFA /* Resources */ = {
			isa = PBXResourcesBuildPhase;
			buildActionMask = 2147483647;
			files = (
				7656FFD1221F26DD005F1BFA /* LaunchScreen.storyboard in Resources */,
				7656FFCE221F26DD005F1BFA /* Assets.xcassets in Resources */,
				7656FFCC221F26DD005F1BFA /* Main.storyboard in Resources */,
			);
			runOnlyForDeploymentPostprocessing = 0;
		};
		7656FFD5221F26DD005F1BFA /* Resources */ = {
			isa = PBXResourcesBuildPhase;
			buildActionMask = 2147483647;
			files = (
			);
			runOnlyForDeploymentPostprocessing = 0;
		};
		7656FFE0221F26DD005F1BFA /* Resources */ = {
			isa = PBXResourcesBuildPhase;
			buildActionMask = 2147483647;
			files = (
			);
			runOnlyForDeploymentPostprocessing = 0;
		};
/* End PBXResourcesBuildPhase section */

/* Begin PBXSourcesBuildPhase section */
		7656FFBF221F26DD005F1BFA /* Sources */ = {
			isa = PBXSourcesBuildPhase;
			buildActionMask = 2147483647;
			files = (
				7656FFC9221F26DD005F1BFA /* ViewController.swift in Sources */,
				7656FFC7221F26DD005F1BFA /* AppDelegate.swift in Sources */,
			);
			runOnlyForDeploymentPostprocessing = 0;
		};
		7656FFD3221F26DD005F1BFA /* Sources */ = {
			isa = PBXSourcesBuildPhase;
			buildActionMask = 2147483647;
			files = (
				7656FFDC221F26DD005F1BFA /* HelloWorldTests.swift in Sources */,
			);
			runOnlyForDeploymentPostprocessing = 0;
		};
		7656FFDE221F26DD005F1BFA /* Sources */ = {
			isa = PBXSourcesBuildPhase;
			buildActionMask = 2147483647;
			files = (
				7656FFE7221F26DD005F1BFA /* HelloWorldUITests.swift in Sources */,
			);
			runOnlyForDeploymentPostprocessing = 0;
		};
/* End PBXSourcesBuildPhase section */

/* Begin PBXTargetDependency section */
		7656FFD9221F26DD005F1BFA /* PBXTargetDependency */ = {
			isa = PBXTargetDependency;
			target = 7656FFC2221F26DD005F1BFA /* HelloWorld */;
			targetProxy = 7656FFD8221F26DD005F1BFA /* PBXContainerItemProxy */;
		};
		7656FFE4221F26DD005F1BFA /* PBXTargetDependency */ = {
			isa = PBXTargetDependency;
			target = 7656FFC2221F26DD005F1BFA /* HelloWorld */;
			targetProxy = 7656FFE3221F26DD005F1BFA /* PBXContainerItemProxy */;
		};
/* End PBXTargetDependency section */

/* Begin PBXVariantGroup section */
		7656FFCA221F26DD005F1BFA /* Main.storyboard */ = {
			isa = PBXVariantGroup;
			children = (
				7656FFCB221F26DD005F1BFA /* Base */,
			);
			name = Main.storyboard;
			sourceTree = "<group>";
		};
		7656FFCF221F26DD005F1BFA /* LaunchScreen.storyboard */ = {
			isa = PBXVariantGroup;
			children = (
				7656FFD0221F26DD005F1BFA /* Base */,
			);
			name = LaunchScreen.storyboard;
			sourceTree = "<group>";
		};
/* End PBXVariantGroup section */

/* Begin XCBuildConfiguration section */
		7656FFE9221F26DD005F1BFA /* Debug */ = {
			isa = XCBuildConfiguration;
			buildSettings = {
				ALWAYS_SEARCH_USER_PATHS = NO;
				CLANG_ANALYZER_NONNULL = YES;
				CLANG_ANALYZER_NUMBER_OBJECT_CONVERSION = YES_AGGRESSIVE;
				CLANG_CXX_LANGUAGE_STANDARD = "gnu++14";
				CLANG_CXX_LIBRARY = "libc++";
				CLANG_ENABLE_MODULES = YES;
				CLANG_ENABLE_OBJC_ARC = YES;
				CLANG_WARN_BLOCK_CAPTURE_AUTORELEASING = YES;
				CLANG_WARN_BOOL_CONVERSION = YES;
				CLANG_WARN_COMMA = YES;
				CLANG_WARN_CONSTANT_CONVERSION = YES;
				CLANG_WARN_DIRECT_OBJC_ISA_USAGE = YES_ERROR;
				CLANG_WARN_DOCUMENTATION_COMMENTS = YES;
				CLANG_WARN_EMPTY_BODY = YES;
				CLANG_WARN_ENUM_CONVERSION = YES;
				CLANG_WARN_INFINITE_RECURSION = YES;
				CLANG_WARN_INT_CONVERSION = YES;
				CLANG_WARN_NON_LITERAL_NULL_CONVERSION = YES;
				CLANG_WARN_OBJC_LITERAL_CONVERSION = YES;
				CLANG_WARN_OBJC_ROOT_CLASS = YES_ERROR;
				CLANG_WARN_RANGE_LOOP_ANALYSIS = YES;
				CLANG_WARN_STRICT_PROTOTYPES = YES;
				CLANG_WARN_SUSPICIOUS_MOVE = YES;
				CLANG_WARN_UNGUARDED_AVAILABILITY = YES_AGGRESSIVE;
				CLANG_WARN_UNREACHABLE_CODE = YES;
				CLANG_WARN__DUPLICATE_METHOD_MATCH = YES;
				CODE_SIGN_IDENTITY = "iPhone Developer";
				COPY_PHASE_STRIP = NO;
				DEBUG_INFORMATION_FORMAT = dwarf;
				ENABLE_STRICT_OBJC_MSGSEND = YES;
				ENABLE_TESTABILITY = YES;
				GCC_C_LANGUAGE_STANDARD = gnu11;
				GCC_DYNAMIC_NO_PIC = NO;
				GCC_NO_COMMON_BLOCKS = YES;
				GCC_OPTIMIZATION_LEVEL = 0;
				GCC_PREPROCESSOR_DEFINITIONS = (
					"DEBUG=1",
					"$(inherited)",
				);
				GCC_WARN_64_TO_32_BIT_CONVERSION = YES;
				GCC_WARN_ABOUT_RETURN_TYPE = YES_ERROR;
				GCC_WARN_UNDECLARED_SELECTOR = YES;
				GCC_WARN_UNINITIALIZED_AUTOS = YES_AGGRESSIVE;
				GCC_WARN_UNUSED_FUNCTION = YES;
				GCC_WARN_UNUSED_VARIABLE = YES;
				IPHONEOS_DEPLOYMENT_TARGET = 11.0;
				MTL_ENABLE_DEBUG_INFO = YES;
				ONLY_ACTIVE_ARCH = YES;
				SDKROOT = iphoneos;
				SWIFT_ACTIVE_COMPILATION_CONDITIONS = DEBUG;
				SWIFT_OPTIMIZATION_LEVEL = "-Onone";
			};
			name = Debug;
		};
		7656FFEA221F26DD005F1BFA /* Release */ = {
			isa = XCBuildConfiguration;
			buildSettings = {
				ALWAYS_SEARCH_USER_PATHS = NO;
				CLANG_ANALYZER_NONNULL = YES;
				CLANG_ANALYZER_NUMBER_OBJECT_CONVERSION = YES_AGGRESSIVE;
				CLANG_CXX_LANGUAGE_STANDARD = "gnu++14";
				CLANG_CXX_LIBRARY = "libc++";
				CLANG_ENABLE_MODULES = YES;
				CLANG_ENABLE_OBJC_ARC = YES;
				CLANG_WARN_BLOCK_CAPTURE_AUTORELEASING = YES;
				CLANG_WARN_BOOL_CONVERSION = YES;
				CLANG_WARN_COMMA = YES;
				CLANG_WARN_CONSTANT_CONVERSION = YES;
				CLANG_WARN_DIRECT_OBJC_ISA_USAGE = YES_ERROR;
				CLANG_WARN_DOCUMENTATION_COMMENTS = YES;
				CLANG_WARN_EMPTY_BODY = YES;
				CLANG_WARN_ENUM_CONVERSION = YES;
				CLANG_WARN_INFINITE_RECURSION = YES;
				CLANG_WARN_INT_CONVERSION = YES;
				CLANG_WARN_NON_LITERAL_NULL_CONVERSION = YES;
				CLANG_WARN_OBJC_LITERAL_CONVERSION = YES;
				CLANG_WARN_OBJC_ROOT_CLASS = YES_ERROR;
				CLANG_WARN_RANGE_LOOP_ANALYSIS = YES;
				CLANG_WARN_STRICT_PROTOTYPES = YES;
				CLANG_WARN_SUSPICIOUS_MOVE = YES;
				CLANG_WARN_UNGUARDED_AVAILABILITY = YES_AGGRESSIVE;
				CLANG_WARN_UNREACHABLE_CODE = YES;
				CLANG_WARN__DUPLICATE_METHOD_MATCH = YES;
				CODE_SIGN_IDENTITY = "iPhone Developer";
				COPY_PHASE_STRIP = NO;
				DEBUG_INFORMATION_FORMAT = "dwarf-with-dsym";
				ENABLE_NS_ASSERTIONS = NO;
				ENABLE_STRICT_OBJC_MSGSEND = YES;
				GCC_C_LANGUAGE_STANDARD = gnu11;
				GCC_NO_COMMON_BLOCKS = YES;
				GCC_WARN_64_TO_32_BIT_CONVERSION = YES;
				GCC_WARN_ABOUT_RETURN_TYPE = YES_ERROR;
				GCC_WARN_UNDECLARED_SELECTOR = YES;
				GCC_WARN_UNINITIALIZED_AUTOS = YES_AGGRESSIVE;
				GCC_WARN_UNUSED_FUNCTION = YES;
				GCC_WARN_UNUSED_VARIABLE = YES;
				IPHONEOS_DEPLOYMENT_TARGET = 11.0;
				MTL_ENABLE_DEBUG_INFO = NO;
				SDKROOT = iphoneos;
				SWIFT_OPTIMIZATION_LEVEL = "-Owholemodule";
				VALIDATE_PRODUCT = YES;
			};
			name = Release;
		};
		7656FFEC221F26DD005F1BFA /* Debug */ = {
			isa = XCBuildConfiguration;
			buildSettings = {
				ASSETCATALOG_COMPILER_APPICON_NAME = AppIcon;
				CODE_SIGN_STYLE = Automatic;
				DEVELOPMENT_TEAM = HHNZWB3DPZ;
				INFOPLIST_FILE = HelloWorld/Info.plist;
				LD_RUNPATH_SEARCH_PATHS = "$(inherited) @executable_path/Frameworks";
				PRODUCT_BUNDLE_IDENTIFIER = wika.HelloWorld;
				PRODUCT_NAME = "$(TARGET_NAME)";
				SWIFT_VERSION = 4.0;
				TARGETED_DEVICE_FAMILY = "1,2";
			};
			name = Debug;
		};
		7656FFED221F26DD005F1BFA /* Release */ = {
			isa = XCBuildConfiguration;
			buildSettings = {
				ASSETCATALOG_COMPILER_APPICON_NAME = AppIcon;
				CODE_SIGN_STYLE = Automatic;
				DEVELOPMENT_TEAM = HHNZWB3DPZ;
				INFOPLIST_FILE = HelloWorld/Info.plist;
				LD_RUNPATH_SEARCH_PATHS = "$(inherited) @executable_path/Frameworks";
				PRODUCT_BUNDLE_IDENTIFIER = wika.HelloWorld;
				PRODUCT_NAME = "$(TARGET_NAME)";
				SWIFT_VERSION = 4.0;
				TARGETED_DEVICE_FAMILY = "1,2";
			};
			name = Release;
		};
		7656FFEF221F26DD005F1BFA /* Debug */ = {
			isa = XCBuildConfiguration;
			buildSettings = {
				ALWAYS_EMBED_SWIFT_STANDARD_LIBRARIES = YES;
				BUNDLE_LOADER = "$(TEST_HOST)";
				CODE_SIGN_STYLE = Automatic;
				DEVELOPMENT_TEAM = HHNZWB3DPZ;
				INFOPLIST_FILE = HelloWorldTests/Info.plist;
				LD_RUNPATH_SEARCH_PATHS = "$(inherited) @executable_path/Frameworks @loader_path/Frameworks";
				PRODUCT_BUNDLE_IDENTIFIER = wika.HelloWorldTests;
				PRODUCT_NAME = "$(TARGET_NAME)";
				SWIFT_VERSION = 4.0;
				TARGETED_DEVICE_FAMILY = "1,2";
				TEST_HOST = "$(BUILT_PRODUCTS_DIR)/HelloWorld.app/HelloWorld";
			};
			name = Debug;
		};
		7656FFF0221F26DD005F1BFA /* Release */ = {
			isa = XCBuildConfiguration;
			buildSettings = {
				ALWAYS_EMBED_SWIFT_STANDARD_LIBRARIES = YES;
				BUNDLE_LOADER = "$(TEST_HOST)";
				CODE_SIGN_STYLE = Automatic;
				DEVELOPMENT_TEAM = HHNZWB3DPZ;
				INFOPLIST_FILE = HelloWorldTests/Info.plist;
				LD_RUNPATH_SEARCH_PATHS = "$(inherited) @executable_path/Frameworks @loader_path/Frameworks";
				PRODUCT_BUNDLE_IDENTIFIER = wika.HelloWorldTests;
				PRODUCT_NAME = "$(TARGET_NAME)";
				SWIFT_VERSION = 4.0;
				TARGETED_DEVICE_FAMILY = "1,2";
				TEST_HOST = "$(BUILT_PRODUCTS_DIR)/HelloWorld.app/HelloWorld";
			};
			name = Release;
		};
		7656FFF2221F26DD005F1BFA /* Debug */ = {
			isa = XCBuildConfiguration;
			buildSettings = {
				ALWAYS_EMBED_SWIFT_STANDARD_LIBRARIES = YES;
				CODE_SIGN_STYLE = Automatic;
				DEVELOPMENT_TEAM = HHNZWB3DPZ;
				INFOPLIST_FILE = HelloWorldUITests/Info.plist;
				LD_RUNPATH_SEARCH_PATHS = "$(inherited) @executable_path/Frameworks @loader_path/Frameworks";
				PRODUCT_BUNDLE_IDENTIFIER = wika.HelloWorldUITests;
				PRODUCT_NAME = "$(TARGET_NAME)";
				SWIFT_VERSION = 4.0;
				TARGETED_DEVICE_FAMILY = "1,2";
				TEST_TARGET_NAME = HelloWorld;
			};
			name = Debug;
		};
		7656FFF3221F26DD005F1BFA /* Release */ = {
			isa = XCBuildConfiguration;
			buildSettings = {
				ALWAYS_EMBED_SWIFT_STANDARD_LIBRARIES = YES;
				CODE_SIGN_STYLE = Automatic;
				DEVELOPMENT_TEAM = HHNZWB3DPZ;
				INFOPLIST_FILE = HelloWorldUITests/Info.plist;
				LD_RUNPATH_SEARCH_PATHS = "$(inherited) @executable_path/Frameworks @loader_path/Frameworks";
				PRODUCT_BUNDLE_IDENTIFIER = wika.HelloWorldUITests;
				PRODUCT_NAME = "$(TARGET_NAME)";
				SWIFT_VERSION = 4.0;
				TARGETED_DEVICE_FAMILY = "1,2";
				TEST_TARGET_NAME = HelloWorld;
			};
			name = Release;
		};
/* End XCBuildConfiguration section */

/* Begin XCConfigurationList section */
		7656FFBE221F26DD005F1BFA /* Build configuration list for PBXProject "HelloWorld" */ = {
			isa = XCConfigurationList;
			buildConfigurations = (
				7656FFE9221F26DD005F1BFA /* Debug */,
				7656FFEA221F26DD005F1BFA /* Release */,
			);
			defaultConfigurationIsVisible = 0;
			defaultConfigurationName = Release;
		};
		7656FFEB221F26DD005F1BFA /* Build configuration list for PBXNativeTarget "HelloWorld" */ = {
			isa = XCConfigurationList;
			buildConfigurations = (
				7656FFEC221F26DD005F1BFA /* Debug */,
				7656FFED221F26DD005F1BFA /* Release */,
			);
			defaultConfigurationIsVisible = 0;
			defaultConfigurationName = Release;
		};
		7656FFEE221F26DD005F1BFA /* Build configuration list for PBXNativeTarget "HelloWorldTests" */ = {
			isa = XCConfigurationList;
			buildConfigurations = (
				7656FFEF221F26DD005F1BFA /* Debug */,
				7656FFF0221F26DD005F1BFA /* Release */,
			);
			defaultConfigurationIsVisible = 0;
			defaultConfigurationName = Release;
		};
		7656FFF1221F26DD005F1BFA /* Build configuration list for PBXNativeTarget "HelloWorldUITests" */ = {
			isa = XCConfigurationList;
			buildConfigurations = (
				7656FFF2221F26DD005F1BFA /* Debug */,
				7656FFF3221F26DD005F1BFA /* Release */,
			);
			defaultConfigurationIsVisible = 0;
			defaultConfigurationName = Release;
		};
/* End XCConfigurationList section */
	};
	rootObject = 7656FFBB221F26DD005F1BFA /* Project object */;
}
